
Microsoft Visual Studio Solution File, Format Version 12.00
# Visual Studio Version 16
VisualStudioVersion = 16.0.32002.261
MinimumVisualStudioVersion = 10.0.40219.1
Project("{FAE04EC0-301F-11D3-BF4B-00C04F79EFBC}") = "WindowsFormsApp3", "WindowsFormsApp3\WindowsFormsApp3.csproj", "{FF21735E-4B12-4E69-BA3B-82BB3AFF4C57}"
EndProject
Global
	GlobalSection(SolutionConfigurationPlatforms) = preSolution
		Debug|Any CPU = Debug|Any CPU
		Release|Any CPU = Release|Any CPU
	EndGlobalSection
	GlobalSection(ProjectConfigurationPlatforms) = postSolution
		{FF21735E-4B12-4E69-BA3B-82BB3AFF4C57}.Debug|Any CPU.ActiveCfg = Debug|Any CPU
		{FF21735E-4B12-4E69-BA3B-82BB3AFF4C57}.Debug|Any CPU.Build.0 = Debug|Any CPU
		{FF21735E-4B12-4E69-BA3B-82BB3AFF4C57}.Release|Any CPU.ActiveCfg = Release|Any CPU
		{FF21735E-4B12-4E69-BA3B-82BB3AFF4C57}.Release|Any CPU.Build.0 = Release|Any CPU
	EndGlobalSection
	GlobalSection(SolutionProperties) = preSolution
		HideSolutionNode = FALSE
	EndGlobalSection
	GlobalSection(ExtensibilityGlobals) = postSolution
		SolutionGuid = {A4DD0DD9-610E-45C6-A026-FB5CDD8D7665}
	EndGlobalSection
EndGlobal
