
Microsoft Visual Studio Solution File, Format Version 12.00
# Visual Studio Version 17
VisualStudioVersion = 17.0.31919.166
MinimumVisualStudioVersion = 10.0.40219.1
Project("{FAE04EC0-301F-11D3-BF4B-00C04F79EFBC}") = "App8", "App8.csproj", "{1AD9E3AD-9297-417E-B19F-72722E0FBE7E}"
EndProject
Global
	GlobalSection(SolutionConfigurationPlatforms) = preSolution
		Debug|Any CPU = Debug|Any CPU
		Release|Any CPU = Release|Any CPU
	EndGlobalSection
	GlobalSection(ProjectConfigurationPlatforms) = postSolution
		{1AD9E3AD-9297-417E-B19F-72722E0FBE7E}.Debug|Any CPU.ActiveCfg = Debug|Any CPU
		{1AD9E3AD-9297-417E-B19F-72722E0FBE7E}.Debug|Any CPU.Build.0 = Debug|Any CPU
		{1AD9E3AD-9297-417E-B19F-72722E0FBE7E}.Release|Any CPU.ActiveCfg = Release|Any CPU
		{1AD9E3AD-9297-417E-B19F-72722E0FBE7E}.Release|Any CPU.Build.0 = Release|Any CPU
	EndGlobalSection
	GlobalSection(SolutionProperties) = preSolution
		HideSolutionNode = FALSE
	EndGlobalSection
	GlobalSection(ExtensibilityGlobals) = postSolution
		SolutionGuid = {D5F65BC8-8A87-4FB3-BB20-D0D508F97E74}
	EndGlobalSection
EndGlobal
