
Microsoft Visual Studio Solution File, Format Version 12.00
# Visual Studio Version 17
VisualStudioVersion = 17.0.31919.166
MinimumVisualStudioVersion = 10.0.40219.1
Project("{FAE04EC0-301F-11D3-BF4B-00C04F79EFBC}") = "App6", "App6.csproj", "{7E9A13D0-6DA3-4FA7-ADB9-C5A71957CDE5}"
EndProject
Global
	GlobalSection(SolutionConfigurationPlatforms) = preSolution
		Debug|Any CPU = Debug|Any CPU
		Release|Any CPU = Release|Any CPU
	EndGlobalSection
	GlobalSection(ProjectConfigurationPlatforms) = postSolution
		{7E9A13D0-6DA3-4FA7-ADB9-C5A71957CDE5}.Debug|Any CPU.ActiveCfg = Debug|Any CPU
		{7E9A13D0-6DA3-4FA7-ADB9-C5A71957CDE5}.Debug|Any CPU.Build.0 = Debug|Any CPU
		{7E9A13D0-6DA3-4FA7-ADB9-C5A71957CDE5}.Release|Any CPU.ActiveCfg = Release|Any CPU
		{7E9A13D0-6DA3-4FA7-ADB9-C5A71957CDE5}.Release|Any CPU.Build.0 = Release|Any CPU
	EndGlobalSection
	GlobalSection(SolutionProperties) = preSolution
		HideSolutionNode = FALSE
	EndGlobalSection
	GlobalSection(ExtensibilityGlobals) = postSolution
		SolutionGuid = {FCF5FF4A-092C-41E6-BCF2-F3300888936E}
	EndGlobalSection
EndGlobal
